{
  "nodes": {
    "nixpkgs": {
      "locked": {
        "lastModified": 1692642776,
        "narHash": "sha256-laBzqBHG2/K40o668T0OU1lc1hP311kZXLIK8Sqvbjc=",
        "owner": "nixos",
        "repo": "nixpkgs",
        "rev": "a856bc3839d4323d1b2f0c0e5899e6de076c7d43",
        "type": "github"
      },
      "original": {
        "owner": "nixos",
        "repo": "nixpkgs",
        "type": "github"
      }
    },
    "root": {
      "inputs": {
        "nixpkgs": "nixpkgs"
      }
    }
  },
  "root": "root",
  "version": 7
}
